{
    "version": 3,
    "terraform_version": "0.11.13",
    "serial": 7,
    "lineage": "bb554386-e2e8-b9a4-1282-d2c9777821de",
    "modules": [
        {
            "path": [
                "root"
            ],
            "outputs": {},
            "resources": {
                "ksyun_eip_associate.default": {
                    "type": "ksyun_eip_associate",
                    "depends_on": [],
                    "primary": {
                        "id": "419782b7-6766-4743-afb7-7c7081214092:7fae85e4-ab1a-415c-aef9-03a402c79d97",
                        "attributes": {
                            "allocation_id": "419782b7-6766-4743-afb7-7c7081214092",
                            "id": "419782b7-6766-4743-afb7-7c7081214092:7fae85e4-ab1a-415c-aef9-03a402c79d97",
                            "instance_id": "7fae85e4-ab1a-415c-aef9-03a402c79d97",
                            "instance_type": "Slb",
                            "network_interface_id": "d3a20657-13a7-457f-b6e4-db9f8b569423"
                        },
                        "meta": {},
                        "tainted": false
                    },
                    "deposed": [],
                    "provider": "provider.ksyun"
                }
            },
            "depends_on": []
        }
    ]
}
